// !$*UTF8*$!
{
	archiveVersion = 1;
	classes = {
	};
	objectVersion = 48;
	objects = {

/* Begin PBXBuildFile section */
		34AC51F52033E67600781676 /* ListViewController.swift in Sources */ = {isa = PBXBuildFile; fileRef = 34AC51F42033E67600781676 /* ListViewController.swift */; };
		34AC51F820367D3B00781676 /* ListCellOTM.swift in Sources */ = {isa = PBXBuildFile; fileRef = 34AC51F720367D3B00781676 /* ListCellOTM.swift */; };
		34AC51FA20399B7400781676 /* AddLocationViewController.swift in Sources */ = {isa = PBXBuildFile; fileRef = 34AC51F920399B7300781676 /* AddLocationViewController.swift */; };
		34AC51FC203ACB2100781676 /* UserInformation.swift in Sources */ = {isa = PBXBuildFile; fileRef = 34AC51FB203ACB2100781676 /* UserInformation.swift */; };
		34AC51FE203BD0F500781676 /* UpdateLocationViewController.swift in Sources */ = {isa = PBXBuildFile; fileRef = 34AC51FD203BD0F500781676 /* UpdateLocationViewController.swift */; };
		34AC5201203CE34700781676 /* UdacityClient.swift in Sources */ = {isa = PBXBuildFile; fileRef = 34AC5200203CE34700781676 /* UdacityClient.swift */; };
		34AC5203203CE35D00781676 /* UdacityConvenience.swift in Sources */ = {isa = PBXBuildFile; fileRef = 34AC5202203CE35D00781676 /* UdacityConvenience.swift */; };
		34D4EC0F201D5430001107E8 /* AppDelegate.swift in Sources */ = {isa = PBXBuildFile; fileRef = 34D4EC0E201D5430001107E8 /* AppDelegate.swift */; };
		34D4EC14201D5430001107E8 /* Main.storyboard in Resources */ = {isa = PBXBuildFile; fileRef = 34D4EC12201D5430001107E8 /* Main.storyboard */; };
		34D4EC16201D5430001107E8 /* Assets.xcassets in Resources */ = {isa = PBXBuildFile; fileRef = 34D4EC15201D5430001107E8 /* Assets.xcassets */; };
		34D4EC19201D5430001107E8 /* LaunchScreen.storyboard in Resources */ = {isa = PBXBuildFile; fileRef = 34D4EC17201D5430001107E8 /* LaunchScreen.storyboard */; };
		34D4EC21201D56E5001107E8 /* LoginViewController.swift in Sources */ = {isa = PBXBuildFile; fileRef = 34D4EC20201D56E5001107E8 /* LoginViewController.swift */; };
		34D4EC23201F0BDF001107E8 /* GCDBlackBox.swift in Sources */ = {isa = PBXBuildFile; fileRef = 34D4EC22201F0BDF001107E8 /* GCDBlackBox.swift */; };
		34D4EC252024BB81001107E8 /* OTMConstants.swift in Sources */ = {isa = PBXBuildFile; fileRef = 34D4EC242024BB81001107E8 /* OTMConstants.swift */; };
		34D4EC27202AC181001107E8 /* MapViewController.swift in Sources */ = {isa = PBXBuildFile; fileRef = 34D4EC26202AC181001107E8 /* MapViewController.swift */; };
		34D4EC2A202D27AB001107E8 /* StudentInformation.swift in Sources */ = {isa = PBXBuildFile; fileRef = 34D4EC29202D27AB001107E8 /* StudentInformation.swift */; };
		34D4EC2F20313A06001107E8 /* ParseClient.swift in Sources */ = {isa = PBXBuildFile; fileRef = 34D4EC2E20313A05001107E8 /* ParseClient.swift */; };
		34D4EC3120313F37001107E8 /* ParseConvenience.swift in Sources */ = {isa = PBXBuildFile; fileRef = 34D4EC3020313F37001107E8 /* ParseConvenience.swift */; };
/* End PBXBuildFile section */

/* Begin PBXFileReference section */
		34AC51F42033E67600781676 /* ListViewController.swift */ = {isa = PBXFileReference; lastKnownFileType = sourcecode.swift; path = ListViewController.swift; sourceTree = "<group>"; };
		34AC51F720367D3B00781676 /* ListCellOTM.swift */ = {isa = PBXFileReference; lastKnownFileType = sourcecode.swift; path = ListCellOTM.swift; sourceTree = "<group>"; };
		34AC51F920399B7300781676 /* AddLocationViewController.swift */ = {isa = PBXFileReference; lastKnownFileType = sourcecode.swift; path = AddLocationViewController.swift; sourceTree = "<group>"; };
		34AC51FB203ACB2100781676 /* UserInformation.swift */ = {isa = PBXFileReference; lastKnownFileType = sourcecode.swift; path = UserInformation.swift; sourceTree = "<group>"; };
		34AC51FD203BD0F500781676 /* UpdateLocationViewController.swift */ = {isa = PBXFileReference; lastKnownFileType = sourcecode.swift; path = UpdateLocationViewController.swift; sourceTree = "<group>"; };
		34AC5200203CE34700781676 /* UdacityClient.swift */ = {isa = PBXFileReference; lastKnownFileType = sourcecode.swift; path = UdacityClient.swift; sourceTree = "<group>"; };
		34AC5202203CE35D00781676 /* UdacityConvenience.swift */ = {isa = PBXFileReference; lastKnownFileType = sourcecode.swift; path = UdacityConvenience.swift; sourceTree = "<group>"; };
		34D4EC0B201D5430001107E8 /* OntheMap.app */ = {isa = PBXFileReference; explicitFileType = wrapper.application; includeInIndex = 0; path = OntheMap.app; sourceTree = BUILT_PRODUCTS_DIR; };
		34D4EC0E201D5430001107E8 /* AppDelegate.swift */ = {isa = PBXFileReference; lastKnownFileType = sourcecode.swift; path = AppDelegate.swift; sourceTree = "<group>"; };
		34D4EC13201D5430001107E8 /* Base */ = {isa = PBXFileReference; lastKnownFileType = file.storyboard; name = Base; path = Base.lproj/Main.storyboard; sourceTree = "<group>"; };
		34D4EC15201D5430001107E8 /* Assets.xcassets */ = {isa = PBXFileReference; lastKnownFileType = folder.assetcatalog; path = Assets.xcassets; sourceTree = "<group>"; };
		34D4EC18201D5430001107E8 /* Base */ = {isa = PBXFileReference; lastKnownFileType = file.storyboard; name = Base; path = Base.lproj/LaunchScreen.storyboard; sourceTree = "<group>"; };
		34D4EC1A201D5430001107E8 /* Info.plist */ = {isa = PBXFileReference; lastKnownFileType = text.plist.xml; path = Info.plist; sourceTree = "<group>"; };
		34D4EC20201D56E5001107E8 /* LoginViewController.swift */ = {isa = PBXFileReference; lastKnownFileType = sourcecode.swift; path = LoginViewController.swift; sourceTree = "<group>"; };
		34D4EC22201F0BDF001107E8 /* GCDBlackBox.swift */ = {isa = PBXFileReference; lastKnownFileType = sourcecode.swift; path = GCDBlackBox.swift; sourceTree = "<group>"; };
		34D4EC242024BB81001107E8 /* OTMConstants.swift */ = {isa = PBXFileReference; lastKnownFileType = sourcecode.swift; path = OTMConstants.swift; sourceTree = "<group>"; };
		34D4EC26202AC181001107E8 /* MapViewController.swift */ = {isa = PBXFileReference; lastKnownFileType = sourcecode.swift; path = MapViewController.swift; sourceTree = "<group>"; };
		34D4EC29202D27AB001107E8 /* StudentInformation.swift */ = {isa = PBXFileReference; lastKnownFileType = sourcecode.swift; name = StudentInformation.swift; path = OntheMap/Model/StudentInformation.swift; sourceTree = SOURCE_ROOT; };
		34D4EC2E20313A05001107E8 /* ParseClient.swift */ = {isa = PBXFileReference; lastKnownFileType = sourcecode.swift; path = ParseClient.swift; sourceTree = "<group>"; };
		34D4EC3020313F37001107E8 /* ParseConvenience.swift */ = {isa = PBXFileReference; lastKnownFileType = sourcecode.swift; path = ParseConvenience.swift; sourceTree = "<group>"; };
/* End PBXFileReference section */

/* Begin PBXFrameworksBuildPhase section */
		34D4EC08201D5430001107E8 /* Frameworks */ = {
			isa = PBXFrameworksBuildPhase;
			buildActionMask = 2147483647;
			files = (
			);
			runOnlyForDeploymentPostprocessing = 0;
		};
/* End PBXFrameworksBuildPhase section */

/* Begin PBXGroup section */
		34AC51F62033E7F900781676 /* View */ = {
			isa = PBXGroup;
			children = (
				34AC51F720367D3B00781676 /* ListCellOTM.swift */,
			);
			path = View;
			sourceTree = "<group>";
		};
		34AC51FF203CE31200781676 /* Udacity */ = {
			isa = PBXGroup;
			children = (
				34AC5200203CE34700781676 /* UdacityClient.swift */,
				34AC5202203CE35D00781676 /* UdacityConvenience.swift */,
			);
			path = Udacity;
			sourceTree = "<group>";
		};
		34D4EC02201D5430001107E8 = {
			isa = PBXGroup;
			children = (
				34D4EC0D201D5430001107E8 /* OntheMap */,
				34D4EC0C201D5430001107E8 /* Products */,
			);
			sourceTree = "<group>";
		};
		34D4EC0C201D5430001107E8 /* Products */ = {
			isa = PBXGroup;
			children = (
				34D4EC0B201D5430001107E8 /* OntheMap.app */,
			);
			name = Products;
			sourceTree = "<group>";
		};
		34D4EC0D201D5430001107E8 /* OntheMap */ = {
			isa = PBXGroup;
			children = (
				34D4EC2B202D730F001107E8 /* Model */,
				34AC51F62033E7F900781676 /* View */,
				34D4EC28202AC19E001107E8 /* Controllers */,
				34D4EC0E201D5430001107E8 /* AppDelegate.swift */,
				34D4EC12201D5430001107E8 /* Main.storyboard */,
				34D4EC15201D5430001107E8 /* Assets.xcassets */,
				34D4EC17201D5430001107E8 /* LaunchScreen.storyboard */,
				34D4EC1A201D5430001107E8 /* Info.plist */,
				34D4EC22201F0BDF001107E8 /* GCDBlackBox.swift */,
				34D4EC242024BB81001107E8 /* OTMConstants.swift */,
			);
			path = OntheMap;
			sourceTree = "<group>";
		};
		34D4EC28202AC19E001107E8 /* Controllers */ = {
			isa = PBXGroup;
			children = (
				34D4EC26202AC181001107E8 /* MapViewController.swift */,
				34D4EC20201D56E5001107E8 /* LoginViewController.swift */,
				34AC51F42033E67600781676 /* ListViewController.swift */,
				34AC51F920399B7300781676 /* AddLocationViewController.swift */,
				34AC51FD203BD0F500781676 /* UpdateLocationViewController.swift */,
			);
			path = Controllers;
			sourceTree = "<group>";
		};
		34D4EC2B202D730F001107E8 /* Model */ = {
			isa = PBXGroup;
			children = (
				34AC51FF203CE31200781676 /* Udacity */,
				34D4EC29202D27AB001107E8 /* StudentInformation.swift */,
				34D4EC2E20313A05001107E8 /* ParseClient.swift */,
				34D4EC3020313F37001107E8 /* ParseConvenience.swift */,
				34AC51FB203ACB2100781676 /* UserInformation.swift */,
			);
			path = Model;
			sourceTree = "<group>";
		};
/* End PBXGroup section */

/* Begin PBXNativeTarget section */
		34D4EC0A201D5430001107E8 /* OntheMap */ = {
			isa = PBXNativeTarget;
			buildConfigurationList = 34D4EC1D201D5430001107E8 /* Build configuration list for PBXNativeTarget "OntheMap" */;
			buildPhases = (
				34D4EC07201D5430001107E8 /* Sources */,
				34D4EC08201D5430001107E8 /* Frameworks */,
				34D4EC09201D5430001107E8 /* Resources */,
			);
			buildRules = (
			);
			dependencies = (
			);
			name = OntheMap;
			productName = OntheMap;
			productReference = 34D4EC0B201D5430001107E8 /* OntheMap.app */;
			productType = "com.apple.product-type.application";
		};
/* End PBXNativeTarget section */

/* Begin PBXProject section */
		34D4EC03201D5430001107E8 /* Project object */ = {
			isa = PBXProject;
			attributes = {
				LastSwiftUpdateCheck = 0920;
				LastUpgradeCheck = 0920;
				ORGANIZATIONNAME = "Abhilash Khare";
				TargetAttributes = {
					34D4EC0A201D5430001107E8 = {
						CreatedOnToolsVersion = 9.2;
						ProvisioningStyle = Automatic;
					};
				};
			};
			buildConfigurationList = 34D4EC06201D5430001107E8 /* Build configuration list for PBXProject "OntheMap" */;
			compatibilityVersion = "Xcode 8.0";
			developmentRegion = en;
			hasScannedForEncodings = 0;
			knownRegions = (
				en,
				Base,
			);
			mainGroup = 34D4EC02201D5430001107E8;
			productRefGroup = 34D4EC0C201D5430001107E8 /* Products */;
			projectDirPath = "";
			projectRoot = "";
			targets = (
				34D4EC0A201D5430001107E8 /* OntheMap */,
			);
		};
/* End PBXProject section */

/* Begin PBXResourcesBuildPhase section */
		34D4EC09201D5430001107E8 /* Resources */ = {
			isa = PBXResourcesBuildPhase;
			buildActionMask = 2147483647;
			files = (
				34D4EC19201D5430001107E8 /* LaunchScreen.storyboard in Resources */,
				34D4EC16201D5430001107E8 /* Assets.xcassets in Resources */,
				34D4EC14201D5430001107E8 /* Main.storyboard in Resources */,
			);
			runOnlyForDeploymentPostprocessing = 0;
		};
/* End PBXResourcesBuildPhase section */

/* Begin PBXSourcesBuildPhase section */
		34D4EC07201D5430001107E8 /* Sources */ = {
			isa = PBXSourcesBuildPhase;
			buildActionMask = 2147483647;
			files = (
				34D4EC2A202D27AB001107E8 /* StudentInformation.swift in Sources */,
				34AC51FE203BD0F500781676 /* UpdateLocationViewController.swift in Sources */,
				34AC51FC203ACB2100781676 /* UserInformation.swift in Sources */,
				34D4EC3120313F37001107E8 /* ParseConvenience.swift in Sources */,
				34AC51F820367D3B00781676 /* ListCellOTM.swift in Sources */,
				34D4EC21201D56E5001107E8 /* LoginViewController.swift in Sources */,
				34D4EC2F20313A06001107E8 /* ParseClient.swift in Sources */,
				34AC51FA20399B7400781676 /* AddLocationViewController.swift in Sources */,
				34AC5203203CE35D00781676 /* UdacityConvenience.swift in Sources */,
				34D4EC23201F0BDF001107E8 /* GCDBlackBox.swift in Sources */,
				34AC51F52033E67600781676 /* ListViewController.swift in Sources */,
				34D4EC0F201D5430001107E8 /* AppDelegate.swift in Sources */,
				34D4EC27202AC181001107E8 /* MapViewController.swift in Sources */,
				34AC5201203CE34700781676 /* UdacityClient.swift in Sources */,
				34D4EC252024BB81001107E8 /* OTMConstants.swift in Sources */,
			);
			runOnlyForDeploymentPostprocessing = 0;
		};
/* End PBXSourcesBuildPhase section */

/* Begin PBXVariantGroup section */
		34D4EC12201D5430001107E8 /* Main.storyboard */ = {
			isa = PBXVariantGroup;
			children = (
				34D4EC13201D5430001107E8 /* Base */,
			);
			name = Main.storyboard;
			sourceTree = "<group>";
		};
		34D4EC17201D5430001107E8 /* LaunchScreen.storyboard */ = {
			isa = PBXVariantGroup;
			children = (
				34D4EC18201D5430001107E8 /* Base */,
			);
			name = LaunchScreen.storyboard;
			sourceTree = "<group>";
		};
/* End PBXVariantGroup section */

/* Begin XCBuildConfiguration section */
		34D4EC1B201D5430001107E8 /* Debug */ = {
			isa = XCBuildConfiguration;
			buildSettings = {
				ALWAYS_SEARCH_USER_PATHS = NO;
				CLANG_ANALYZER_NONNULL = YES;
				CLANG_ANALYZER_NUMBER_OBJECT_CONVERSION = YES_AGGRESSIVE;
				CLANG_CXX_LANGUAGE_STANDARD = "gnu++14";
				CLANG_CXX_LIBRARY = "libc++";
				CLANG_ENABLE_MODULES = YES;
				CLANG_ENABLE_OBJC_ARC = YES;
				CLANG_WARN_BLOCK_CAPTURE_AUTORELEASING = YES;
				CLANG_WARN_BOOL_CONVERSION = YES;
				CLANG_WARN_COMMA = YES;
				CLANG_WARN_CONSTANT_CONVERSION = YES;
				CLANG_WARN_DIRECT_OBJC_ISA_USAGE = YES_ERROR;
				CLANG_WARN_DOCUMENTATION_COMMENTS = YES;
				CLANG_WARN_EMPTY_BODY = YES;
				CLANG_WARN_ENUM_CONVERSION = YES;
				CLANG_WARN_INFINITE_RECURSION = YES;
				CLANG_WARN_INT_CONVERSION = YES;
				CLANG_WARN_NON_LITERAL_NULL_CONVERSION = YES;
				CLANG_WARN_OBJC_LITERAL_CONVERSION = YES;
				CLANG_WARN_OBJC_ROOT_CLASS = YES_ERROR;
				CLANG_WARN_RANGE_LOOP_ANALYSIS = YES;
				CLANG_WARN_STRICT_PROTOTYPES = YES;
				CLANG_WARN_SUSPICIOUS_MOVE = YES;
				CLANG_WARN_UNGUARDED_AVAILABILITY = YES_AGGRESSIVE;
				CLANG_WARN_UNREACHABLE_CODE = YES;
				CLANG_WARN__DUPLICATE_METHOD_MATCH = YES;
				CODE_SIGN_IDENTITY = "iPhone Developer";
				COPY_PHASE_STRIP = NO;
				DEBUG_INFORMATION_FORMAT = dwarf;
				ENABLE_STRICT_OBJC_MSGSEND = YES;
				ENABLE_TESTABILITY = YES;
				GCC_C_LANGUAGE_STANDARD = gnu11;
				GCC_DYNAMIC_NO_PIC = NO;
				GCC_NO_COMMON_BLOCKS = YES;
				GCC_OPTIMIZATION_LEVEL = 0;
				GCC_PREPROCESSOR_DEFINITIONS = (
					"DEBUG=1",
					"$(inherited)",
				);
				GCC_WARN_64_TO_32_BIT_CONVERSION = YES;
				GCC_WARN_ABOUT_RETURN_TYPE = YES_ERROR;
				GCC_WARN_UNDECLARED_SELECTOR = YES;
				GCC_WARN_UNINITIALIZED_AUTOS = YES_AGGRESSIVE;
				GCC_WARN_UNUSED_FUNCTION = YES;
				GCC_WARN_UNUSED_VARIABLE = YES;
				IPHONEOS_DEPLOYMENT_TARGET = 11.2;
				MTL_ENABLE_DEBUG_INFO = YES;
				ONLY_ACTIVE_ARCH = YES;
				SDKROOT = iphoneos;
				SWIFT_ACTIVE_COMPILATION_CONDITIONS = DEBUG;
				SWIFT_OPTIMIZATION_LEVEL = "-Onone";
			};
			name = Debug;
		};
		34D4EC1C201D5430001107E8 /* Release */ = {
			isa = XCBuildConfiguration;
			buildSettings = {
				ALWAYS_SEARCH_USER_PATHS = NO;
				CLANG_ANALYZER_NONNULL = YES;
				CLANG_ANALYZER_NUMBER_OBJECT_CONVERSION = YES_AGGRESSIVE;
				CLANG_CXX_LANGUAGE_STANDARD = "gnu++14";
				CLANG_CXX_LIBRARY = "libc++";
				CLANG_ENABLE_MODULES = YES;
				CLANG_ENABLE_OBJC_ARC = YES;
				CLANG_WARN_BLOCK_CAPTURE_AUTORELEASING = YES;
				CLANG_WARN_BOOL_CONVERSION = YES;
				CLANG_WARN_COMMA = YES;
				CLANG_WARN_CONSTANT_CONVERSION = YES;
				CLANG_WARN_DIRECT_OBJC_ISA_USAGE = YES_ERROR;
				CLANG_WARN_DOCUMENTATION_COMMENTS = YES;
				CLANG_WARN_EMPTY_BODY = YES;
				CLANG_WARN_ENUM_CONVERSION = YES;
				CLANG_WARN_INFINITE_RECURSION = YES;
				CLANG_WARN_INT_CONVERSION = YES;
				CLANG_WARN_NON_LITERAL_NULL_CONVERSION = YES;
				CLANG_WARN_OBJC_LITERAL_CONVERSION = YES;
				CLANG_WARN_OBJC_ROOT_CLASS = YES_ERROR;
				CLANG_WARN_RANGE_LOOP_ANALYSIS = YES;
				CLANG_WARN_STRICT_PROTOTYPES = YES;
				CLANG_WARN_SUSPICIOUS_MOVE = YES;
				CLANG_WARN_UNGUARDED_AVAILABILITY = YES_AGGRESSIVE;
				CLANG_WARN_UNREACHABLE_CODE = YES;
				CLANG_WARN__DUPLICATE_METHOD_MATCH = YES;
				CODE_SIGN_IDENTITY = "iPhone Developer";
				COPY_PHASE_STRIP = NO;
				DEBUG_INFORMATION_FORMAT = "dwarf-with-dsym";
				ENABLE_NS_ASSERTIONS = NO;
				ENABLE_STRICT_OBJC_MSGSEND = YES;
				GCC_C_LANGUAGE_STANDARD = gnu11;
				GCC_NO_COMMON_BLOCKS = YES;
				GCC_WARN_64_TO_32_BIT_CONVERSION = YES;
				GCC_WARN_ABOUT_RETURN_TYPE = YES_ERROR;
				GCC_WARN_UNDECLARED_SELECTOR = YES;
				GCC_WARN_UNINITIALIZED_AUTOS = YES_AGGRESSIVE;
				GCC_WARN_UNUSED_FUNCTION = YES;
				GCC_WARN_UNUSED_VARIABLE = YES;
				IPHONEOS_DEPLOYMENT_TARGET = 11.2;
				MTL_ENABLE_DEBUG_INFO = NO;
				SDKROOT = iphoneos;
				SWIFT_OPTIMIZATION_LEVEL = "-Owholemodule";
				VALIDATE_PRODUCT = YES;
			};
			name = Release;
		};
		34D4EC1E201D5430001107E8 /* Debug */ = {
			isa = XCBuildConfiguration;
			buildSettings = {
				ASSETCATALOG_COMPILER_APPICON_NAME = AppIcon;
				CODE_SIGN_STYLE = Automatic;
				INFOPLIST_FILE = OntheMap/Info.plist;
				LD_RUNPATH_SEARCH_PATHS = "$(inherited) @executable_path/Frameworks";
				PRODUCT_BUNDLE_IDENTIFIER = com.abhidev.OntheMap;
				PRODUCT_NAME = "$(TARGET_NAME)";
				SWIFT_VERSION = 4.0;
				TARGETED_DEVICE_FAMILY = "1,2";
			};
			name = Debug;
		};
		34D4EC1F201D5430001107E8 /* Release */ = {
			isa = XCBuildConfiguration;
			buildSettings = {
				ASSETCATALOG_COMPILER_APPICON_NAME = AppIcon;
				CODE_SIGN_STYLE = Automatic;
				INFOPLIST_FILE = OntheMap/Info.plist;
				LD_RUNPATH_SEARCH_PATHS = "$(inherited) @executable_path/Frameworks";
				PRODUCT_BUNDLE_IDENTIFIER = com.abhidev.OntheMap;
				PRODUCT_NAME = "$(TARGET_NAME)";
				SWIFT_VERSION = 4.0;
				TARGETED_DEVICE_FAMILY = "1,2";
			};
			name = Release;
		};
/* End XCBuildConfiguration section */

/* Begin XCConfigurationList section */
		34D4EC06201D5430001107E8 /* Build configuration list for PBXProject "OntheMap" */ = {
			isa = XCConfigurationList;
			buildConfigurations = (
				34D4EC1B201D5430001107E8 /* Debug */,
				34D4EC1C201D5430001107E8 /* Release */,
			);
			defaultConfigurationIsVisible = 0;
			defaultConfigurationName = Release;
		};
		34D4EC1D201D5430001107E8 /* Build configuration list for PBXNativeTarget "OntheMap" */ = {
			isa = XCConfigurationList;
			buildConfigurations = (
				34D4EC1E201D5430001107E8 /* Debug */,
				34D4EC1F201D5430001107E8 /* Release */,
			);
			defaultConfigurationIsVisible = 0;
			defaultConfigurationName = Release;
		};
/* End XCConfigurationList section */
	};
	rootObject = 34D4EC03201D5430001107E8 /* Project object */;
}
